
Microsoft Visual Studio Solution File, Format Version 12.00
# Visual Studio Version 17
VisualStudioVersion = 17.5.002.0
MinimumVisualStudioVersion = 10.0.40219.1
Project("{9A19103F-16F7-4668-BE54-9A1E7A4F7556}") = "kamennuzkypapir", "kamennuzkypapir.csproj", "{701A0C22-CCFF-4C6C-BA73-EF4DEA01F13E}"
EndProject
Global
	GlobalSection(SolutionConfigurationPlatforms) = preSolution
		Debug|Any CPU = Debug|Any CPU
		Release|Any CPU = Release|Any CPU
	EndGlobalSection
	GlobalSection(ProjectConfigurationPlatforms) = postSolution
		{701A0C22-CCFF-4C6C-BA73-EF4DEA01F13E}.Debug|Any CPU.ActiveCfg = Debug|Any CPU
		{701A0C22-CCFF-4C6C-BA73-EF4DEA01F13E}.Debug|Any CPU.Build.0 = Debug|Any CPU
		{701A0C22-CCFF-4C6C-BA73-EF4DEA01F13E}.Release|Any CPU.ActiveCfg = Release|Any CPU
		{701A0C22-CCFF-4C6C-BA73-EF4DEA01F13E}.Release|Any CPU.Build.0 = Release|Any CPU
	EndGlobalSection
	GlobalSection(SolutionProperties) = preSolution
		HideSolutionNode = FALSE
	EndGlobalSection
	GlobalSection(ExtensibilityGlobals) = postSolution
		SolutionGuid = {D05F3923-3812-4EEA-BE38-47FBD0BA31DD}
	EndGlobalSection
EndGlobal
